
Microsoft Visual Studio Solution File, Format Version 12.00
# Visual Studio Version 16
VisualStudioVersion = 16.0.30413.136
MinimumVisualStudioVersion = 10.0.40219.1
Project("{8BC9CEB8-8B4A-11D0-8D11-00A0C91BC942}") = "MegaScryptLib", "MegaScryptLib\MegaScryptLib.vcxproj", "{81A0AA2A-FD0D-41CA-932E-81F6E222A3BC}"
EndProject
Project("{8BC9CEB8-8B4A-11D0-8D11-00A0C91BC942}") = "antlr4cpp-vs2019", "AntlrRuntime\antlr4cpp-vs2019.vcxproj", "{83BE66CD-9C4F-4F84-B72A-DD1855C8FC8A}"
EndProject
Project("{8BC9CEB8-8B4A-11D0-8D11-00A0C91BC942}") = "MegaScryptTests", "MegaScryptTests\MegaScryptTests.vcxproj", "{B8994807-0CF8-4C7F-9CC3-95C1AC64F435}"
EndProject
Project("{8BC9CEB8-8B4A-11D0-8D11-00A0C91BC942}") = "MegaScryptConsole", "MegaScryptConsole\MegaScryptConsole.vcxproj", "{5295961F-9F75-410E-91A2-EDA9F54708E7}"
EndProject
Project("{8BC9CEB8-8B4A-11D0-8D11-00A0C91BC942}") = "GameEngine", "GameEngine\GameEngine.vcxproj", "{FF578F8E-99D0-4C6D-BA8D-6E27F3B8E7CE}"
EndProject
Global
	GlobalSection(SolutionConfigurationPlatforms) = preSolution
		Debug DLL|x64 = Debug DLL|x64
		Debug DLL|x86 = Debug DLL|x86
		Debug Static|x64 = Debug Static|x64
		Debug Static|x86 = Debug Static|x86
		Debug|x64 = Debug|x64
		Debug|x86 = Debug|x86
		Release DLL|x64 = Release DLL|x64
		Release DLL|x86 = Release DLL|x86
		Release Static|x64 = Release Static|x64
		Release Static|x86 = Release Static|x86
		Release|x64 = Release|x64
		Release|x86 = Release|x86
	EndGlobalSection
	GlobalSection(ProjectConfigurationPlatforms) = postSolution
		{81A0AA2A-FD0D-41CA-932E-81F6E222A3BC}.Debug DLL|x64.ActiveCfg = Debug|x64
		{81A0AA2A-FD0D-41CA-932E-81F6E222A3BC}.Debug DLL|x64.Build.0 = Debug|x64
		{81A0AA2A-FD0D-41CA-932E-81F6E222A3BC}.Debug DLL|x86.ActiveCfg = Debug|Win32
		{81A0AA2A-FD0D-41CA-932E-81F6E222A3BC}.Debug DLL|x86.Build.0 = Debug|Win32
		{81A0AA2A-FD0D-41CA-932E-81F6E222A3BC}.Debug Static|x64.ActiveCfg = Debug|x64
		{81A0AA2A-FD0D-41CA-932E-81F6E222A3BC}.Debug Static|x64.Build.0 = Debug|x64
		{81A0AA2A-FD0D-41CA-932E-81F6E222A3BC}.Debug Static|x86.ActiveCfg = Debug|Win32
		{81A0AA2A-FD0D-41CA-932E-81F6E222A3BC}.Debug Static|x86.Build.0 = Debug|Win32
		{81A0AA2A-FD0D-41CA-932E-81F6E222A3BC}.Debug|x64.ActiveCfg = Debug|x64
		{81A0AA2A-FD0D-41CA-932E-81F6E222A3BC}.Debug|x64.Build.0 = Debug|x64
		{81A0AA2A-FD0D-41CA-932E-81F6E222A3BC}.Debug|x86.ActiveCfg = Debug|Win32
		{81A0AA2A-FD0D-41CA-932E-81F6E222A3BC}.Debug|x86.Build.0 = Debug|Win32
		{81A0AA2A-FD0D-41CA-932E-81F6E222A3BC}.Release DLL|x64.ActiveCfg = Release|x64
		{81A0AA2A-FD0D-41CA-932E-81F6E222A3BC}.Release DLL|x64.Build.0 = Release|x64
		{81A0AA2A-FD0D-41CA-932E-81F6E222A3BC}.Release DLL|x86.ActiveCfg = Release|Win32
		{81A0AA2A-FD0D-41CA-932E-81F6E222A3BC}.Release DLL|x86.Build.0 = Release|Win32
		{81A0AA2A-FD0D-41CA-932E-81F6E222A3BC}.Release Static|x64.ActiveCfg = Release|x64
		{81A0AA2A-FD0D-41CA-932E-81F6E222A3BC}.Release Static|x64.Build.0 = Release|x64
		{81A0AA2A-FD0D-41CA-932E-81F6E222A3BC}.Release Static|x86.ActiveCfg = Release|Win32
		{81A0AA2A-FD0D-41CA-932E-81F6E222A3BC}.Release Static|x86.Build.0 = Release|Win32
		{81A0AA2A-FD0D-41CA-932E-81F6E222A3BC}.Release|x64.ActiveCfg = Release|x64
		{81A0AA2A-FD0D-41CA-932E-81F6E222A3BC}.Release|x64.Build.0 = Release|x64
		{81A0AA2A-FD0D-41CA-932E-81F6E222A3BC}.Release|x86.ActiveCfg = Release|Win32
		{81A0AA2A-FD0D-41CA-932E-81F6E222A3BC}.Release|x86.Build.0 = Release|Win32
		{83BE66CD-9C4F-4F84-B72A-DD1855C8FC8A}.Debug DLL|x64.ActiveCfg = Debug DLL|x64
		{83BE66CD-9C4F-4F84-B72A-DD1855C8FC8A}.Debug DLL|x64.Build.0 = Debug DLL|x64
		{83BE66CD-9C4F-4F84-B72A-DD1855C8FC8A}.Debug DLL|x86.ActiveCfg = Debug DLL|Win32
		{83BE66CD-9C4F-4F84-B72A-DD1855C8FC8A}.Debug DLL|x86.Build.0 = Debug DLL|Win32
		{83BE66CD-9C4F-4F84-B72A-DD1855C8FC8A}.Debug Static|x64.ActiveCfg = Debug Static|x64
		{83BE66CD-9C4F-4F84-B72A-DD1855C8FC8A}.Debug Static|x64.Build.0 = Debug Static|x64
		{83BE66CD-9C4F-4F84-B72A-DD1855C8FC8A}.Debug Static|x86.ActiveCfg = Debug Static|Win32
		{83BE66CD-9C4F-4F84-B72A-DD1855C8FC8A}.Debug Static|x86.Build.0 = Debug Static|Win32
		{83BE66CD-9C4F-4F84-B72A-DD1855C8FC8A}.Debug|x64.ActiveCfg = Debug Static|x64
		{83BE66CD-9C4F-4F84-B72A-DD1855C8FC8A}.Debug|x64.Build.0 = Debug Static|x64
		{83BE66CD-9C4F-4F84-B72A-DD1855C8FC8A}.Debug|x86.ActiveCfg = Debug Static|Win32
		{83BE66CD-9C4F-4F84-B72A-DD1855C8FC8A}.Debug|x86.Build.0 = Debug Static|Win32
		{83BE66CD-9C4F-4F84-B72A-DD1855C8FC8A}.Release DLL|x64.ActiveCfg = Release DLL|x64
		{83BE66CD-9C4F-4F84-B72A-DD1855C8FC8A}.Release DLL|x64.Build.0 = Release DLL|x64
		{83BE66CD-9C4F-4F84-B72A-DD1855C8FC8A}.Release DLL|x86.ActiveCfg = Release DLL|Win32
		{83BE66CD-9C4F-4F84-B72A-DD1855C8FC8A}.Release DLL|x86.Build.0 = Release DLL|Win32
		{83BE66CD-9C4F-4F84-B72A-DD1855C8FC8A}.Release Static|x64.ActiveCfg = Release Static|x64
		{83BE66CD-9C4F-4F84-B72A-DD1855C8FC8A}.Release Static|x64.Build.0 = Release Static|x64
		{83BE66CD-9C4F-4F84-B72A-DD1855C8FC8A}.Release Static|x86.ActiveCfg = Release Static|Win32
		{83BE66CD-9C4F-4F84-B72A-DD1855C8FC8A}.Release Static|x86.Build.0 = Release Static|Win32
		{83BE66CD-9C4F-4F84-B72A-DD1855C8FC8A}.Release|x64.ActiveCfg = Release Static|x64
		{83BE66CD-9C4F-4F84-B72A-DD1855C8FC8A}.Release|x64.Build.0 = Release Static|x64
		{83BE66CD-9C4F-4F84-B72A-DD1855C8FC8A}.Release|x86.ActiveCfg = Release Static|Win32
		{83BE66CD-9C4F-4F84-B72A-DD1855C8FC8A}.Release|x86.Build.0 = Release Static|Win32
		{B8994807-0CF8-4C7F-9CC3-95C1AC64F435}.Debug DLL|x64.ActiveCfg = Debug|x64
		{B8994807-0CF8-4C7F-9CC3-95C1AC64F435}.Debug DLL|x64.Build.0 = Debug|x64
		{B8994807-0CF8-4C7F-9CC3-95C1AC64F435}.Debug DLL|x86.ActiveCfg = Debug|Win32
		{B8994807-0CF8-4C7F-9CC3-95C1AC64F435}.Debug DLL|x86.Build.0 = Debug|Win32
		{B8994807-0CF8-4C7F-9CC3-95C1AC64F435}.Debug Static|x64.ActiveCfg = Debug|x64
		{B8994807-0CF8-4C7F-9CC3-95C1AC64F435}.Debug Static|x64.Build.0 = Debug|x64
		{B8994807-0CF8-4C7F-9CC3-95C1AC64F435}.Debug Static|x86.ActiveCfg = Debug|Win32
		{B8994807-0CF8-4C7F-9CC3-95C1AC64F435}.Debug Static|x86.Build.0 = Debug|Win32
		{B8994807-0CF8-4C7F-9CC3-95C1AC64F435}.Debug|x64.ActiveCfg = Debug|x64
		{B8994807-0CF8-4C7F-9CC3-95C1AC64F435}.Debug|x64.Build.0 = Debug|x64
		{B8994807-0CF8-4C7F-9CC3-95C1AC64F435}.Debug|x86.ActiveCfg = Debug|Win32
		{B8994807-0CF8-4C7F-9CC3-95C1AC64F435}.Debug|x86.Build.0 = Debug|Win32
		{B8994807-0CF8-4C7F-9CC3-95C1AC64F435}.Release DLL|x64.ActiveCfg = Release|x64
		{B8994807-0CF8-4C7F-9CC3-95C1AC64F435}.Release DLL|x64.Build.0 = Release|x64
		{B8994807-0CF8-4C7F-9CC3-95C1AC64F435}.Release DLL|x86.ActiveCfg = Release|Win32
		{B8994807-0CF8-4C7F-9CC3-95C1AC64F435}.Release DLL|x86.Build.0 = Release|Win32
		{B8994807-0CF8-4C7F-9CC3-95C1AC64F435}.Release Static|x64.ActiveCfg = Release|x64
		{B8994807-0CF8-4C7F-9CC3-95C1AC64F435}.Release Static|x64.Build.0 = Release|x64
		{B8994807-0CF8-4C7F-9CC3-95C1AC64F435}.Release Static|x86.ActiveCfg = Release|Win32
		{B8994807-0CF8-4C7F-9CC3-95C1AC64F435}.Release Static|x86.Build.0 = Release|Win32
		{B8994807-0CF8-4C7F-9CC3-95C1AC64F435}.Release|x64.ActiveCfg = Release|x64
		{B8994807-0CF8-4C7F-9CC3-95C1AC64F435}.Release|x64.Build.0 = Release|x64
		{B8994807-0CF8-4C7F-9CC3-95C1AC64F435}.Release|x86.ActiveCfg = Release|Win32
		{B8994807-0CF8-4C7F-9CC3-95C1AC64F435}.Release|x86.Build.0 = Release|Win32
		{5295961F-9F75-410E-91A2-EDA9F54708E7}.Debug DLL|x64.ActiveCfg = Debug|x64
		{5295961F-9F75-410E-91A2-EDA9F54708E7}.Debug DLL|x64.Build.0 = Debug|x64
		{5295961F-9F75-410E-91A2-EDA9F54708E7}.Debug DLL|x86.ActiveCfg = Debug|Win32
		{5295961F-9F75-410E-91A2-EDA9F54708E7}.Debug DLL|x86.Build.0 = Debug|Win32
		{5295961F-9F75-410E-91A2-EDA9F54708E7}.Debug Static|x64.ActiveCfg = Debug|x64
		{5295961F-9F75-410E-91A2-EDA9F54708E7}.Debug Static|x64.Build.0 = Debug|x64
		{5295961F-9F75-410E-91A2-EDA9F54708E7}.Debug Static|x86.ActiveCfg = Debug|Win32
		{5295961F-9F75-410E-91A2-EDA9F54708E7}.Debug Static|x86.Build.0 = Debug|Win32
		{5295961F-9F75-410E-91A2-EDA9F54708E7}.Debug|x64.ActiveCfg = Debug|x64
		{5295961F-9F75-410E-91A2-EDA9F54708E7}.Debug|x64.Build.0 = Debug|x64
		{5295961F-9F75-410E-91A2-EDA9F54708E7}.Debug|x86.ActiveCfg = Debug|Win32
		{5295961F-9F75-410E-91A2-EDA9F54708E7}.Debug|x86.Build.0 = Debug|Win32
		{5295961F-9F75-410E-91A2-EDA9F54708E7}.Release DLL|x64.ActiveCfg = Release|x64
		{5295961F-9F75-410E-91A2-EDA9F54708E7}.Release DLL|x64.Build.0 = Release|x64
		{5295961F-9F75-410E-91A2-EDA9F54708E7}.Release DLL|x86.ActiveCfg = Release|Win32
		{5295961F-9F75-410E-91A2-EDA9F54708E7}.Release DLL|x86.Build.0 = Release|Win32
		{5295961F-9F75-410E-91A2-EDA9F54708E7}.Release Static|x64.ActiveCfg = Release|x64
		{5295961F-9F75-410E-91A2-EDA9F54708E7}.Release Static|x64.Build.0 = Release|x64
		{5295961F-9F75-410E-91A2-EDA9F54708E7}.Release Static|x86.ActiveCfg = Release|Win32
		{5295961F-9F75-410E-91A2-EDA9F54708E7}.Release Static|x86.Build.0 = Release|Win32
		{5295961F-9F75-410E-91A2-EDA9F54708E7}.Release|x64.ActiveCfg = Release|x64
		{5295961F-9F75-410E-91A2-EDA9F54708E7}.Release|x64.Build.0 = Release|x64
		{5295961F-9F75-410E-91A2-EDA9F54708E7}.Release|x86.ActiveCfg = Release|Win32
		{5295961F-9F75-410E-91A2-EDA9F54708E7}.Release|x86.Build.0 = Release|Win32
		{FF578F8E-99D0-4C6D-BA8D-6E27F3B8E7CE}.Debug DLL|x64.ActiveCfg = Debug|x64
		{FF578F8E-99D0-4C6D-BA8D-6E27F3B8E7CE}.Debug DLL|x64.Build.0 = Debug|x64
		{FF578F8E-99D0-4C6D-BA8D-6E27F3B8E7CE}.Debug DLL|x86.ActiveCfg = Debug|Win32
		{FF578F8E-99D0-4C6D-BA8D-6E27F3B8E7CE}.Debug DLL|x86.Build.0 = Debug|Win32
		{FF578F8E-99D0-4C6D-BA8D-6E27F3B8E7CE}.Debug Static|x64.ActiveCfg = Debug|x64
		{FF578F8E-99D0-4C6D-BA8D-6E27F3B8E7CE}.Debug Static|x64.Build.0 = Debug|x64
		{FF578F8E-99D0-4C6D-BA8D-6E27F3B8E7CE}.Debug Static|x86.ActiveCfg = Debug|Win32
		{FF578F8E-99D0-4C6D-BA8D-6E27F3B8E7CE}.Debug Static|x86.Build.0 = Debug|Win32
		{FF578F8E-99D0-4C6D-BA8D-6E27F3B8E7CE}.Debug|x64.ActiveCfg = Debug|x64
		{FF578F8E-99D0-4C6D-BA8D-6E27F3B8E7CE}.Debug|x64.Build.0 = Debug|x64
		{FF578F8E-99D0-4C6D-BA8D-6E27F3B8E7CE}.Debug|x86.ActiveCfg = Debug|Win32
		{FF578F8E-99D0-4C6D-BA8D-6E27F3B8E7CE}.Debug|x86.Build.0 = Debug|Win32
		{FF578F8E-99D0-4C6D-BA8D-6E27F3B8E7CE}.Release DLL|x64.ActiveCfg = Release|x64
		{FF578F8E-99D0-4C6D-BA8D-6E27F3B8E7CE}.Release DLL|x64.Build.0 = Release|x64
		{FF578F8E-99D0-4C6D-BA8D-6E27F3B8E7CE}.Release DLL|x86.ActiveCfg = Release|Win32
		{FF578F8E-99D0-4C6D-BA8D-6E27F3B8E7CE}.Release DLL|x86.Build.0 = Release|Win32
		{FF578F8E-99D0-4C6D-BA8D-6E27F3B8E7CE}.Release Static|x64.ActiveCfg = Release|x64
		{FF578F8E-99D0-4C6D-BA8D-6E27F3B8E7CE}.Release Static|x64.Build.0 = Release|x64
		{FF578F8E-99D0-4C6D-BA8D-6E27F3B8E7CE}.Release Static|x86.ActiveCfg = Release|Win32
		{FF578F8E-99D0-4C6D-BA8D-6E27F3B8E7CE}.Release Static|x86.Build.0 = Release|Win32
		{FF578F8E-99D0-4C6D-BA8D-6E27F3B8E7CE}.Release|x64.ActiveCfg = Release|x64
		{FF578F8E-99D0-4C6D-BA8D-6E27F3B8E7CE}.Release|x64.Build.0 = Release|x64
		{FF578F8E-99D0-4C6D-BA8D-6E27F3B8E7CE}.Release|x86.ActiveCfg = Release|Win32
		{FF578F8E-99D0-4C6D-BA8D-6E27F3B8E7CE}.Release|x86.Build.0 = Release|Win32
	EndGlobalSection
	GlobalSection(SolutionProperties) = preSolution
		HideSolutionNode = FALSE
	EndGlobalSection
	GlobalSection(ExtensibilityGlobals) = postSolution
		SolutionGuid = {242F4FDC-1B96-44BB-9A81-3A988992E420}
	EndGlobalSection
EndGlobal
